
Microsoft Visual Studio Solution File, Format Version 12.00
# Visual Studio Version 16
VisualStudioVersion = 16.0.31025.194
MinimumVisualStudioVersion = 10.0.40219.1
Project("{9A19103F-16F7-4668-BE54-9A1E7A4F7556}") = "NordcloudTask.PowerManagement.MsTests", "NordcloudTask.PowerManagement.MsTests\NordcloudTask.PowerManagement.MsTests.csproj", "{E486A463-78EE-405D-BF56-30128BEDBE3A}"
EndProject
Project("{9A19103F-16F7-4668-BE54-9A1E7A4F7556}") = "NordcloudTask.App", "NordcloudTask.App\NordcloudTask.App.csproj", "{992EEF26-0B06-44DB-B5DF-875A3C646D3D}"
EndProject
Project("{FAE04EC0-301F-11D3-BF4B-00C04F79EFBC}") = "NordcloudTask.PowerManagement", "NordcloudTask.PowerManagement\NordcloudTask.PowerManagement.csproj", "{9871AA52-64BF-4566-ACFB-829756B3E6F0}"
EndProject
Global
	GlobalSection(SolutionConfigurationPlatforms) = preSolution
		Debug|Any CPU = Debug|Any CPU
		Release|Any CPU = Release|Any CPU
	EndGlobalSection
	GlobalSection(ProjectConfigurationPlatforms) = postSolution
		{E486A463-78EE-405D-BF56-30128BEDBE3A}.Debug|Any CPU.ActiveCfg = Debug|Any CPU
		{E486A463-78EE-405D-BF56-30128BEDBE3A}.Debug|Any CPU.Build.0 = Debug|Any CPU
		{E486A463-78EE-405D-BF56-30128BEDBE3A}.Release|Any CPU.ActiveCfg = Release|Any CPU
		{E486A463-78EE-405D-BF56-30128BEDBE3A}.Release|Any CPU.Build.0 = Release|Any CPU
		{992EEF26-0B06-44DB-B5DF-875A3C646D3D}.Debug|Any CPU.ActiveCfg = Debug|Any CPU
		{992EEF26-0B06-44DB-B5DF-875A3C646D3D}.Debug|Any CPU.Build.0 = Debug|Any CPU
		{992EEF26-0B06-44DB-B5DF-875A3C646D3D}.Release|Any CPU.ActiveCfg = Release|Any CPU
		{992EEF26-0B06-44DB-B5DF-875A3C646D3D}.Release|Any CPU.Build.0 = Release|Any CPU
		{9871AA52-64BF-4566-ACFB-829756B3E6F0}.Debug|Any CPU.ActiveCfg = Debug|Any CPU
		{9871AA52-64BF-4566-ACFB-829756B3E6F0}.Debug|Any CPU.Build.0 = Debug|Any CPU
		{9871AA52-64BF-4566-ACFB-829756B3E6F0}.Release|Any CPU.ActiveCfg = Release|Any CPU
		{9871AA52-64BF-4566-ACFB-829756B3E6F0}.Release|Any CPU.Build.0 = Release|Any CPU
	EndGlobalSection
	GlobalSection(SolutionProperties) = preSolution
		HideSolutionNode = FALSE
	EndGlobalSection
	GlobalSection(ExtensibilityGlobals) = postSolution
		SolutionGuid = {989B109C-5A96-4338-B721-29F290FEEA98}
	EndGlobalSection
EndGlobal
